
Microsoft Visual Studio Solution File, Format Version 12.00
# Visual Studio Version 17
VisualStudioVersion = 17.8.34330.188
MinimumVisualStudioVersion = 10.0.40219.1
Project("{FAE04EC0-301F-11D3-BF4B-00C04F79EFBC}") = "Guncharted.PackageUpdater.Tool", "Guncharted.PackageUpdater.Tool\Guncharted.PackageUpdater.Tool.csproj", "{5AD0A7BE-9977-42C8-AA72-C4B4E344D2F8}"
EndProject
Global
	GlobalSection(SolutionConfigurationPlatforms) = preSolution
		Debug|Any CPU = Debug|Any CPU
		Release|Any CPU = Release|Any CPU
	EndGlobalSection
	GlobalSection(ProjectConfigurationPlatforms) = postSolution
		{5AD0A7BE-9977-42C8-AA72-C4B4E344D2F8}.Debug|Any CPU.ActiveCfg = Debug|Any CPU
		{5AD0A7BE-9977-42C8-AA72-C4B4E344D2F8}.Debug|Any CPU.Build.0 = Debug|Any CPU
		{5AD0A7BE-9977-42C8-AA72-C4B4E344D2F8}.Release|Any CPU.ActiveCfg = Release|Any CPU
		{5AD0A7BE-9977-42C8-AA72-C4B4E344D2F8}.Release|Any CPU.Build.0 = Release|Any CPU
	EndGlobalSection
	GlobalSection(SolutionProperties) = preSolution
		HideSolutionNode = FALSE
	EndGlobalSection
	GlobalSection(ExtensibilityGlobals) = postSolution
		SolutionGuid = {975D8603-023C-4A62-92E7-D1CE048285E4}
	EndGlobalSection
EndGlobal
